// !$*UTF8*$!
{
	archiveVersion = 1;
	classes = {
	};
	objectVersion = 56;
	objects = {

/* Begin PBXBuildFile section */
		B33E3AC42C5304E8000F96F3 /* suspects.swift in Sources */ = {isa = PBXBuildFile; fileRef = B33E3AC32C5304E8000F96F3 /* suspects.swift */; };
		B366B97F2C59AD7200200364 /* DocumentMode.swift in Sources */ = {isa = PBXBuildFile; fileRef = B366B97E2C59AD7200200364 /* DocumentMode.swift */; };
		B3A8F7772C5C3226002A781E /* Notes.swift in Sources */ = {isa = PBXBuildFile; fileRef = B3A8F7762C5C3226002A781E /* Notes.swift */; };
		B3B3BF372C9D6DBC008E4329 /* Launch Screen.storyboard in Resources */ = {isa = PBXBuildFile; fileRef = B3B3BF362C9D6DBC008E4329 /* Launch Screen.storyboard */; };
		B3B3BF4D2C9D71A8008E4329 /* winScreen.swift in Sources */ = {isa = PBXBuildFile; fileRef = B3B3BF4C2C9D71A8008E4329 /* winScreen.swift */; };
		B3B3BF4F2C9D71B3008E4329 /* loseScreen.swift in Sources */ = {isa = PBXBuildFile; fileRef = B3B3BF4E2C9D71B3008E4329 /* loseScreen.swift */; };
		B3E8C92B2C5346B3005B3132 /* level.swift in Sources */ = {isa = PBXBuildFile; fileRef = B3E8C92A2C5346B3005B3132 /* level.swift */; };
		B3EF0D582C52FACB001DE00D /* digiTechApp.swift in Sources */ = {isa = PBXBuildFile; fileRef = B3EF0D572C52FACB001DE00D /* digiTechApp.swift */; };
		B3EF0D5A2C52FACB001DE00D /* ContentView.swift in Sources */ = {isa = PBXBuildFile; fileRef = B3EF0D592C52FACB001DE00D /* ContentView.swift */; };
		B3EF0D5C2C52FACD001DE00D /* Assets.xcassets in Resources */ = {isa = PBXBuildFile; fileRef = B3EF0D5B2C52FACD001DE00D /* Assets.xcassets */; };
		B3EF0D5F2C52FACD001DE00D /* Preview Assets.xcassets in Resources */ = {isa = PBXBuildFile; fileRef = B3EF0D5E2C52FACD001DE00D /* Preview Assets.xcassets */; };
		B3EF0D692C52FACD001DE00D /* digiTechTests.swift in Sources */ = {isa = PBXBuildFile; fileRef = B3EF0D682C52FACD001DE00D /* digiTechTests.swift */; };
		B3EF0D732C52FACD001DE00D /* digiTechUITests.swift in Sources */ = {isa = PBXBuildFile; fileRef = B3EF0D722C52FACD001DE00D /* digiTechUITests.swift */; };
		B3EF0D752C52FACD001DE00D /* digiTechUITestsLaunchTests.swift in Sources */ = {isa = PBXBuildFile; fileRef = B3EF0D742C52FACD001DE00D /* digiTechUITestsLaunchTests.swift */; };
		B3EF0D822C52FAF4001DE00D /* documents.swift in Sources */ = {isa = PBXBuildFile; fileRef = B3EF0D812C52FAF4001DE00D /* documents.swift */; };
/* End PBXBuildFile section */

/* Begin PBXContainerItemProxy section */
		B3EF0D652C52FACD001DE00D /* PBXContainerItemProxy */ = {
			isa = PBXContainerItemProxy;
			containerPortal = B3EF0D4C2C52FACB001DE00D /* Project object */;
			proxyType = 1;
			remoteGlobalIDString = B3EF0D532C52FACB001DE00D;
			remoteInfo = digiTech;
		};
		B3EF0D6F2C52FACD001DE00D /* PBXContainerItemProxy */ = {
			isa = PBXContainerItemProxy;
			containerPortal = B3EF0D4C2C52FACB001DE00D /* Project object */;
			proxyType = 1;
			remoteGlobalIDString = B3EF0D532C52FACB001DE00D;
			remoteInfo = digiTech;
		};
/* End PBXContainerItemProxy section */

/* Begin PBXFileReference section */
		B33E3AC32C5304E8000F96F3 /* suspects.swift */ = {isa = PBXFileReference; lastKnownFileType = sourcecode.swift; path = suspects.swift; sourceTree = "<group>"; };
		B366B97E2C59AD7200200364 /* DocumentMode.swift */ = {isa = PBXFileReference; lastKnownFileType = sourcecode.swift; path = DocumentMode.swift; sourceTree = "<group>"; };
		B3A8F7762C5C3226002A781E /* Notes.swift */ = {isa = PBXFileReference; lastKnownFileType = sourcecode.swift; path = Notes.swift; sourceTree = "<group>"; };
		B3B3BF362C9D6DBC008E4329 /* Launch Screen.storyboard */ = {isa = PBXFileReference; lastKnownFileType = file.storyboard; path = "Launch Screen.storyboard"; sourceTree = "<group>"; };
		B3B3BF4C2C9D71A8008E4329 /* winScreen.swift */ = {isa = PBXFileReference; lastKnownFileType = sourcecode.swift; path = winScreen.swift; sourceTree = "<group>"; };
		B3B3BF4E2C9D71B3008E4329 /* loseScreen.swift */ = {isa = PBXFileReference; lastKnownFileType = sourcecode.swift; path = loseScreen.swift; sourceTree = "<group>"; };
		B3E8C92A2C5346B3005B3132 /* level.swift */ = {isa = PBXFileReference; lastKnownFileType = sourcecode.swift; path = level.swift; sourceTree = "<group>"; };
		B3EF0D542C52FACB001DE00D /* digiTech.app */ = {isa = PBXFileReference; explicitFileType = wrapper.application; includeInIndex = 0; path = digiTech.app; sourceTree = BUILT_PRODUCTS_DIR; };
		B3EF0D572C52FACB001DE00D /* digiTechApp.swift */ = {isa = PBXFileReference; lastKnownFileType = sourcecode.swift; path = digiTechApp.swift; sourceTree = "<group>"; };
		B3EF0D592C52FACB001DE00D /* ContentView.swift */ = {isa = PBXFileReference; lastKnownFileType = sourcecode.swift; path = ContentView.swift; sourceTree = "<group>"; };
		B3EF0D5B2C52FACD001DE00D /* Assets.xcassets */ = {isa = PBXFileReference; lastKnownFileType = folder.assetcatalog; path = Assets.xcassets; sourceTree = "<group>"; };
		B3EF0D5E2C52FACD001DE00D /* Preview Assets.xcassets */ = {isa = PBXFileReference; lastKnownFileType = folder.assetcatalog; path = "Preview Assets.xcassets"; sourceTree = "<group>"; };
		B3EF0D642C52FACD001DE00D /* digiTechTests.xctest */ = {isa = PBXFileReference; explicitFileType = wrapper.cfbundle; includeInIndex = 0; path = digiTechTests.xctest; sourceTree = BUILT_PRODUCTS_DIR; };
		B3EF0D682C52FACD001DE00D /* digiTechTests.swift */ = {isa = PBXFileReference; lastKnownFileType = sourcecode.swift; path = digiTechTests.swift; sourceTree = "<group>"; };
		B3EF0D6E2C52FACD001DE00D /* digiTechUITests.xctest */ = {isa = PBXFileReference; explicitFileType = wrapper.cfbundle; includeInIndex = 0; path = digiTechUITests.xctest; sourceTree = BUILT_PRODUCTS_DIR; };
		B3EF0D722C52FACD001DE00D /* digiTechUITests.swift */ = {isa = PBXFileReference; lastKnownFileType = sourcecode.swift; path = digiTechUITests.swift; sourceTree = "<group>"; };
		B3EF0D742C52FACD001DE00D /* digiTechUITestsLaunchTests.swift */ = {isa = PBXFileReference; lastKnownFileType = sourcecode.swift; path = digiTechUITestsLaunchTests.swift; sourceTree = "<group>"; };
		B3EF0D812C52FAF4001DE00D /* documents.swift */ = {isa = PBXFileReference; lastKnownFileType = sourcecode.swift; path = documents.swift; sourceTree = "<group>"; };
/* End PBXFileReference section */

/* Begin PBXFrameworksBuildPhase section */
		B3EF0D512C52FACB001DE00D /* Frameworks */ = {
			isa = PBXFrameworksBuildPhase;
			buildActionMask = 2147483647;
			files = (
			);
			runOnlyForDeploymentPostprocessing = 0;
		};
		B3EF0D612C52FACD001DE00D /* Frameworks */ = {
			isa = PBXFrameworksBuildPhase;
			buildActionMask = 2147483647;
			files = (
			);
			runOnlyForDeploymentPostprocessing = 0;
		};
		B3EF0D6B2C52FACD001DE00D /* Frameworks */ = {
			isa = PBXFrameworksBuildPhase;
			buildActionMask = 2147483647;
			files = (
			);
			runOnlyForDeploymentPostprocessing = 0;
		};
/* End PBXFrameworksBuildPhase section */

/* Begin PBXGroup section */
		B35023EB2C5AF8540069D657 /* View */ = {
			isa = PBXGroup;
			children = (
				B3B3BF362C9D6DBC008E4329 /* Launch Screen.storyboard */,
				B3B3BF4C2C9D71A8008E4329 /* winScreen.swift */,
				B3B3BF4E2C9D71B3008E4329 /* loseScreen.swift */,
			);
			path = View;
			sourceTree = "<group>";
		};
		B35023EC2C5AF85D0069D657 /* Model */ = {
			isa = PBXGroup;
			children = (
				B3EF0D812C52FAF4001DE00D /* documents.swift */,
				B3E8C92A2C5346B3005B3132 /* level.swift */,
				B33E3AC32C5304E8000F96F3 /* suspects.swift */,
			);
			path = Model;
			sourceTree = "<group>";
		};
		B35023ED2C5AF8640069D657 /* Controller */ = {
			isa = PBXGroup;
			children = (
				B3EF0D592C52FACB001DE00D /* ContentView.swift */,
			);
			path = Controller;
			sourceTree = "<group>";
		};
		B3EF0D4B2C52FACB001DE00D = {
			isa = PBXGroup;
			children = (
				B3EF0D562C52FACB001DE00D /* digiTech */,
				B3EF0D672C52FACD001DE00D /* digiTechTests */,
				B3EF0D712C52FACD001DE00D /* digiTechUITests */,
				B3EF0D552C52FACB001DE00D /* Products */,
			);
			sourceTree = "<group>";
		};
		B3EF0D552C52FACB001DE00D /* Products */ = {
			isa = PBXGroup;
			children = (
				B3EF0D542C52FACB001DE00D /* digiTech.app */,
				B3EF0D642C52FACD001DE00D /* digiTechTests.xctest */,
				B3EF0D6E2C52FACD001DE00D /* digiTechUITests.xctest */,
			);
			name = Products;
			sourceTree = "<group>";
		};
		B3EF0D562C52FACB001DE00D /* digiTech */ = {
			isa = PBXGroup;
			children = (
				B3A8F7762C5C3226002A781E /* Notes.swift */,
				B3EF0D572C52FACB001DE00D /* digiTechApp.swift */,
				B366B97E2C59AD7200200364 /* DocumentMode.swift */,
				B35023EB2C5AF8540069D657 /* View */,
				B35023EC2C5AF85D0069D657 /* Model */,
				B35023ED2C5AF8640069D657 /* Controller */,
				B3EF0D5B2C52FACD001DE00D /* Assets.xcassets */,
				B3EF0D5D2C52FACD001DE00D /* Preview Content */,
			);
			path = digiTech;
			sourceTree = "<group>";
		};
		B3EF0D5D2C52FACD001DE00D /* Preview Content */ = {
			isa = PBXGroup;
			children = (
				B3EF0D5E2C52FACD001DE00D /* Preview Assets.xcassets */,
			);
			path = "Preview Content";
			sourceTree = "<group>";
		};
		B3EF0D672C52FACD001DE00D /* digiTechTests */ = {
			isa = PBXGroup;
			children = (
				B3EF0D682C52FACD001DE00D /* digiTechTests.swift */,
			);
			path = digiTechTests;
			sourceTree = "<group>";
		};
		B3EF0D712C52FACD001DE00D /* digiTechUITests */ = {
			isa = PBXGroup;
			children = (
				B3EF0D722C52FACD001DE00D /* digiTechUITests.swift */,
				B3EF0D742C52FACD001DE00D /* digiTechUITestsLaunchTests.swift */,
			);
			path = digiTechUITests;
			sourceTree = "<group>";
		};
/* End PBXGroup section */

/* Begin PBXNativeTarget section */
		B3EF0D532C52FACB001DE00D /* digiTech */ = {
			isa = PBXNativeTarget;
			buildConfigurationList = B3EF0D782C52FACD001DE00D /* Build configuration list for PBXNativeTarget "digiTech" */;
			buildPhases = (
				B3EF0D502C52FACB001DE00D /* Sources */,
				B3EF0D512C52FACB001DE00D /* Frameworks */,
				B3EF0D522C52FACB001DE00D /* Resources */,
			);
			buildRules = (
			);
			dependencies = (
			);
			name = digiTech;
			productName = digiTech;
			productReference = B3EF0D542C52FACB001DE00D /* digiTech.app */;
			productType = "com.apple.product-type.application";
		};
		B3EF0D632C52FACD001DE00D /* digiTechTests */ = {
			isa = PBXNativeTarget;
			buildConfigurationList = B3EF0D7B2C52FACD001DE00D /* Build configuration list for PBXNativeTarget "digiTechTests" */;
			buildPhases = (
				B3EF0D602C52FACD001DE00D /* Sources */,
				B3EF0D612C52FACD001DE00D /* Frameworks */,
				B3EF0D622C52FACD001DE00D /* Resources */,
			);
			buildRules = (
			);
			dependencies = (
				B3EF0D662C52FACD001DE00D /* PBXTargetDependency */,
			);
			name = digiTechTests;
			productName = digiTechTests;
			productReference = B3EF0D642C52FACD001DE00D /* digiTechTests.xctest */;
			productType = "com.apple.product-type.bundle.unit-test";
		};
		B3EF0D6D2C52FACD001DE00D /* digiTechUITests */ = {
			isa = PBXNativeTarget;
			buildConfigurationList = B3EF0D7E2C52FACD001DE00D /* Build configuration list for PBXNativeTarget "digiTechUITests" */;
			buildPhases = (
				B3EF0D6A2C52FACD001DE00D /* Sources */,
				B3EF0D6B2C52FACD001DE00D /* Frameworks */,
				B3EF0D6C2C52FACD001DE00D /* Resources */,
			);
			buildRules = (
			);
			dependencies = (
				B3EF0D702C52FACD001DE00D /* PBXTargetDependency */,
			);
			name = digiTechUITests;
			productName = digiTechUITests;
			productReference = B3EF0D6E2C52FACD001DE00D /* digiTechUITests.xctest */;
			productType = "com.apple.product-type.bundle.ui-testing";
		};
/* End PBXNativeTarget section */

/* Begin PBXProject section */
		B3EF0D4C2C52FACB001DE00D /* Project object */ = {
			isa = PBXProject;
			attributes = {
				BuildIndependentTargetsInParallel = 1;
				LastSwiftUpdateCheck = 1540;
				LastUpgradeCheck = 1540;
				TargetAttributes = {
					B3EF0D532C52FACB001DE00D = {
						CreatedOnToolsVersion = 15.4;
					};
					B3EF0D632C52FACD001DE00D = {
						CreatedOnToolsVersion = 15.4;
						TestTargetID = B3EF0D532C52FACB001DE00D;
					};
					B3EF0D6D2C52FACD001DE00D = {
						CreatedOnToolsVersion = 15.4;
						TestTargetID = B3EF0D532C52FACB001DE00D;
					};
				};
			};
			buildConfigurationList = B3EF0D4F2C52FACB001DE00D /* Build configuration list for PBXProject "digiTech" */;
			compatibilityVersion = "Xcode 14.0";
			developmentRegion = en;
			hasScannedForEncodings = 0;
			knownRegions = (
				en,
				Base,
			);
			mainGroup = B3EF0D4B2C52FACB001DE00D;
			productRefGroup = B3EF0D552C52FACB001DE00D /* Products */;
			projectDirPath = "";
			projectRoot = "";
			targets = (
				B3EF0D532C52FACB001DE00D /* digiTech */,
				B3EF0D632C52FACD001DE00D /* digiTechTests */,
				B3EF0D6D2C52FACD001DE00D /* digiTechUITests */,
			);
		};
/* End PBXProject section */

/* Begin PBXResourcesBuildPhase section */
		B3EF0D522C52FACB001DE00D /* Resources */ = {
			isa = PBXResourcesBuildPhase;
			buildActionMask = 2147483647;
			files = (
				B3B3BF372C9D6DBC008E4329 /* Launch Screen.storyboard in Resources */,
				B3EF0D5F2C52FACD001DE00D /* Preview Assets.xcassets in Resources */,
				B3EF0D5C2C52FACD001DE00D /* Assets.xcassets in Resources */,
			);
			runOnlyForDeploymentPostprocessing = 0;
		};
		B3EF0D622C52FACD001DE00D /* Resources */ = {
			isa = PBXResourcesBuildPhase;
			buildActionMask = 2147483647;
			files = (
			);
			runOnlyForDeploymentPostprocessing = 0;
		};
		B3EF0D6C2C52FACD001DE00D /* Resources */ = {
			isa = PBXResourcesBuildPhase;
			buildActionMask = 2147483647;
			files = (
			);
			runOnlyForDeploymentPostprocessing = 0;
		};
/* End PBXResourcesBuildPhase section */

/* Begin PBXSourcesBuildPhase section */
		B3EF0D502C52FACB001DE00D /* Sources */ = {
			isa = PBXSourcesBuildPhase;
			buildActionMask = 2147483647;
			files = (
				B3EF0D5A2C52FACB001DE00D /* ContentView.swift in Sources */,
				B3E8C92B2C5346B3005B3132 /* level.swift in Sources */,
				B3EF0D582C52FACB001DE00D /* digiTechApp.swift in Sources */,
				B366B97F2C59AD7200200364 /* DocumentMode.swift in Sources */,
				B3B3BF4D2C9D71A8008E4329 /* winScreen.swift in Sources */,
				B3EF0D822C52FAF4001DE00D /* documents.swift in Sources */,
				B33E3AC42C5304E8000F96F3 /* suspects.swift in Sources */,
				B3B3BF4F2C9D71B3008E4329 /* loseScreen.swift in Sources */,
				B3A8F7772C5C3226002A781E /* Notes.swift in Sources */,
			);
			runOnlyForDeploymentPostprocessing = 0;
		};
		B3EF0D602C52FACD001DE00D /* Sources */ = {
			isa = PBXSourcesBuildPhase;
			buildActionMask = 2147483647;
			files = (
				B3EF0D692C52FACD001DE00D /* digiTechTests.swift in Sources */,
			);
			runOnlyForDeploymentPostprocessing = 0;
		};
		B3EF0D6A2C52FACD001DE00D /* Sources */ = {
			isa = PBXSourcesBuildPhase;
			buildActionMask = 2147483647;
			files = (
				B3EF0D752C52FACD001DE00D /* digiTechUITestsLaunchTests.swift in Sources */,
				B3EF0D732C52FACD001DE00D /* digiTechUITests.swift in Sources */,
			);
			runOnlyForDeploymentPostprocessing = 0;
		};
/* End PBXSourcesBuildPhase section */

/* Begin PBXTargetDependency section */
		B3EF0D662C52FACD001DE00D /* PBXTargetDependency */ = {
			isa = PBXTargetDependency;
			target = B3EF0D532C52FACB001DE00D /* digiTech */;
			targetProxy = B3EF0D652C52FACD001DE00D /* PBXContainerItemProxy */;
		};
		B3EF0D702C52FACD001DE00D /* PBXTargetDependency */ = {
			isa = PBXTargetDependency;
			target = B3EF0D532C52FACB001DE00D /* digiTech */;
			targetProxy = B3EF0D6F2C52FACD001DE00D /* PBXContainerItemProxy */;
		};
/* End PBXTargetDependency section */

/* Begin XCBuildConfiguration section */
		B3EF0D762C52FACD001DE00D /* Debug */ = {
			isa = XCBuildConfiguration;
			buildSettings = {
				ALWAYS_SEARCH_USER_PATHS = NO;
				ASSETCATALOG_COMPILER_GENERATE_SWIFT_ASSET_SYMBOL_EXTENSIONS = YES;
				CLANG_ANALYZER_NONNULL = YES;
				CLANG_ANALYZER_NUMBER_OBJECT_CONVERSION = YES_AGGRESSIVE;
				CLANG_CXX_LANGUAGE_STANDARD = "gnu++20";
				CLANG_ENABLE_MODULES = YES;
				CLANG_ENABLE_OBJC_ARC = YES;
				CLANG_ENABLE_OBJC_WEAK = YES;
				CLANG_WARN_BLOCK_CAPTURE_AUTORELEASING = YES;
				CLANG_WARN_BOOL_CONVERSION = YES;
				CLANG_WARN_COMMA = YES;
				CLANG_WARN_CONSTANT_CONVERSION = YES;
				CLANG_WARN_DEPRECATED_OBJC_IMPLEMENTATIONS = YES;
				CLANG_WARN_DIRECT_OBJC_ISA_USAGE = YES_ERROR;
				CLANG_WARN_DOCUMENTATION_COMMENTS = YES;
				CLANG_WARN_EMPTY_BODY = YES;
				CLANG_WARN_ENUM_CONVERSION = YES;
				CLANG_WARN_INFINITE_RECURSION = YES;
				CLANG_WARN_INT_CONVERSION = YES;
				CLANG_WARN_NON_LITERAL_NULL_CONVERSION = YES;
				CLANG_WARN_OBJC_IMPLICIT_RETAIN_SELF = YES;
				CLANG_WARN_OBJC_LITERAL_CONVERSION = YES;
				CLANG_WARN_OBJC_ROOT_CLASS = YES_ERROR;
				CLANG_WARN_QUOTED_INCLUDE_IN_FRAMEWORK_HEADER = YES;
				CLANG_WARN_RANGE_LOOP_ANALYSIS = YES;
				CLANG_WARN_STRICT_PROTOTYPES = YES;
				CLANG_WARN_SUSPICIOUS_MOVE = YES;
				CLANG_WARN_UNGUARDED_AVAILABILITY = YES_AGGRESSIVE;
				CLANG_WARN_UNREACHABLE_CODE = YES;
				CLANG_WARN__DUPLICATE_METHOD_MATCH = YES;
				COPY_PHASE_STRIP = NO;
				DEBUG_INFORMATION_FORMAT = dwarf;
				ENABLE_STRICT_OBJC_MSGSEND = YES;
				ENABLE_TESTABILITY = YES;
				ENABLE_USER_SCRIPT_SANDBOXING = YES;
				GCC_C_LANGUAGE_STANDARD = gnu17;
				GCC_DYNAMIC_NO_PIC = NO;
				GCC_NO_COMMON_BLOCKS = YES;
				GCC_OPTIMIZATION_LEVEL = 0;
				GCC_PREPROCESSOR_DEFINITIONS = (
					"DEBUG=1",
					"$(inherited)",
				);
				GCC_WARN_64_TO_32_BIT_CONVERSION = YES;
				GCC_WARN_ABOUT_RETURN_TYPE = YES_ERROR;
				GCC_WARN_UNDECLARED_SELECTOR = YES;
				GCC_WARN_UNINITIALIZED_AUTOS = YES_AGGRESSIVE;
				GCC_WARN_UNUSED_FUNCTION = YES;
				GCC_WARN_UNUSED_VARIABLE = YES;
				IPHONEOS_DEPLOYMENT_TARGET = 17.5;
				LOCALIZATION_PREFERS_STRING_CATALOGS = YES;
				MTL_ENABLE_DEBUG_INFO = INCLUDE_SOURCE;
				MTL_FAST_MATH = YES;
				ONLY_ACTIVE_ARCH = YES;
				SDKROOT = iphoneos;
				SWIFT_ACTIVE_COMPILATION_CONDITIONS = "DEBUG $(inherited)";
				SWIFT_OPTIMIZATION_LEVEL = "-Onone";
			};
			name = Debug;
		};
		B3EF0D772C52FACD001DE00D /* Release */ = {
			isa = XCBuildConfiguration;
			buildSettings = {
				ALWAYS_SEARCH_USER_PATHS = NO;
				ASSETCATALOG_COMPILER_GENERATE_SWIFT_ASSET_SYMBOL_EXTENSIONS = YES;
				CLANG_ANALYZER_NONNULL = YES;
				CLANG_ANALYZER_NUMBER_OBJECT_CONVERSION = YES_AGGRESSIVE;
				CLANG_CXX_LANGUAGE_STANDARD = "gnu++20";
				CLANG_ENABLE_MODULES = YES;
				CLANG_ENABLE_OBJC_ARC = YES;
				CLANG_ENABLE_OBJC_WEAK = YES;
				CLANG_WARN_BLOCK_CAPTURE_AUTORELEASING = YES;
				CLANG_WARN_BOOL_CONVERSION = YES;
				CLANG_WARN_COMMA = YES;
				CLANG_WARN_CONSTANT_CONVERSION = YES;
				CLANG_WARN_DEPRECATED_OBJC_IMPLEMENTATIONS = YES;
				CLANG_WARN_DIRECT_OBJC_ISA_USAGE = YES_ERROR;
				CLANG_WARN_DOCUMENTATION_COMMENTS = YES;
				CLANG_WARN_EMPTY_BODY = YES;
				CLANG_WARN_ENUM_CONVERSION = YES;
				CLANG_WARN_INFINITE_RECURSION = YES;
				CLANG_WARN_INT_CONVERSION = YES;
				CLANG_WARN_NON_LITERAL_NULL_CONVERSION = YES;
				CLANG_WARN_OBJC_IMPLICIT_RETAIN_SELF = YES;
				CLANG_WARN_OBJC_LITERAL_CONVERSION = YES;
				CLANG_WARN_OBJC_ROOT_CLASS = YES_ERROR;
				CLANG_WARN_QUOTED_INCLUDE_IN_FRAMEWORK_HEADER = YES;
				CLANG_WARN_RANGE_LOOP_ANALYSIS = YES;
				CLANG_WARN_STRICT_PROTOTYPES = YES;
				CLANG_WARN_SUSPICIOUS_MOVE = YES;
				CLANG_WARN_UNGUARDED_AVAILABILITY = YES_AGGRESSIVE;
				CLANG_WARN_UNREACHABLE_CODE = YES;
				CLANG_WARN__DUPLICATE_METHOD_MATCH = YES;
				COPY_PHASE_STRIP = NO;
				DEBUG_INFORMATION_FORMAT = "dwarf-with-dsym";
				ENABLE_NS_ASSERTIONS = NO;
				ENABLE_STRICT_OBJC_MSGSEND = YES;
				ENABLE_USER_SCRIPT_SANDBOXING = YES;
				GCC_C_LANGUAGE_STANDARD = gnu17;
				GCC_NO_COMMON_BLOCKS = YES;
				GCC_WARN_64_TO_32_BIT_CONVERSION = YES;
				GCC_WARN_ABOUT_RETURN_TYPE = YES_ERROR;
				GCC_WARN_UNDECLARED_SELECTOR = YES;
				GCC_WARN_UNINITIALIZED_AUTOS = YES_AGGRESSIVE;
				GCC_WARN_UNUSED_FUNCTION = YES;
				GCC_WARN_UNUSED_VARIABLE = YES;
				IPHONEOS_DEPLOYMENT_TARGET = 17.5;
				LOCALIZATION_PREFERS_STRING_CATALOGS = YES;
				MTL_ENABLE_DEBUG_INFO = NO;
				MTL_FAST_MATH = YES;
				SDKROOT = iphoneos;
				SWIFT_COMPILATION_MODE = wholemodule;
				VALIDATE_PRODUCT = YES;
			};
			name = Release;
		};
		B3EF0D792C52FACD001DE00D /* Debug */ = {
			isa = XCBuildConfiguration;
			buildSettings = {
				ASSETCATALOG_COMPILER_APPICON_NAME = AppIcon;
				ASSETCATALOG_COMPILER_GLOBAL_ACCENT_COLOR_NAME = AccentColor;
				CODE_SIGN_STYLE = Automatic;
				CURRENT_PROJECT_VERSION = 1;
				DEVELOPMENT_ASSET_PATHS = "\"digiTech/Preview Content\"";
				DEVELOPMENT_TEAM = NQ3XAZJ3SG;
				ENABLE_PREVIEWS = YES;
				GENERATE_INFOPLIST_FILE = YES;
				INFOPLIST_KEY_UIApplicationSceneManifest_Generation = YES;
				INFOPLIST_KEY_UIApplicationSupportsIndirectInputEvents = YES;
				INFOPLIST_KEY_UILaunchScreen_Generation = YES;
				INFOPLIST_KEY_UISupportedInterfaceOrientations = "UIInterfaceOrientationLandscapeLeft UIInterfaceOrientationLandscapeRight";
				LD_RUNPATH_SEARCH_PATHS = (
					"$(inherited)",
					"@executable_path/Frameworks",
				);
				MARKETING_VERSION = 1.0;
				PRODUCT_BUNDLE_IDENTIFIER = com.Leo.digiTech;
				PRODUCT_NAME = "$(TARGET_NAME)";
				SWIFT_EMIT_LOC_STRINGS = YES;
				SWIFT_VERSION = 5.0;
				TARGETED_DEVICE_FAMILY = "1,2";
			};
			name = Debug;
		};
		B3EF0D7A2C52FACD001DE00D /* Release */ = {
			isa = XCBuildConfiguration;
			buildSettings = {
				ASSETCATALOG_COMPILER_APPICON_NAME = AppIcon;
				ASSETCATALOG_COMPILER_GLOBAL_ACCENT_COLOR_NAME = AccentColor;
				CODE_SIGN_STYLE = Automatic;
				CURRENT_PROJECT_VERSION = 1;
				DEVELOPMENT_ASSET_PATHS = "\"digiTech/Preview Content\"";
				DEVELOPMENT_TEAM = NQ3XAZJ3SG;
				ENABLE_PREVIEWS = YES;
				GENERATE_INFOPLIST_FILE = YES;
				INFOPLIST_KEY_UIApplicationSceneManifest_Generation = YES;
				INFOPLIST_KEY_UIApplicationSupportsIndirectInputEvents = YES;
				INFOPLIST_KEY_UILaunchScreen_Generation = YES;
				INFOPLIST_KEY_UISupportedInterfaceOrientations = "UIInterfaceOrientationLandscapeLeft UIInterfaceOrientationLandscapeRight";
				LD_RUNPATH_SEARCH_PATHS = (
					"$(inherited)",
					"@executable_path/Frameworks",
				);
				MARKETING_VERSION = 1.0;
				PRODUCT_BUNDLE_IDENTIFIER = com.Leo.digiTech;
				PRODUCT_NAME = "$(TARGET_NAME)";
				SWIFT_EMIT_LOC_STRINGS = YES;
				SWIFT_VERSION = 5.0;
				TARGETED_DEVICE_FAMILY = "1,2";
			};
			name = Release;
		};
		B3EF0D7C2C52FACD001DE00D /* Debug */ = {
			isa = XCBuildConfiguration;
			buildSettings = {
				ALWAYS_EMBED_SWIFT_STANDARD_LIBRARIES = YES;
				BUNDLE_LOADER = "$(TEST_HOST)";
				CODE_SIGN_STYLE = Automatic;
				CURRENT_PROJECT_VERSION = 1;
				DEVELOPMENT_TEAM = NQ3XAZJ3SG;
				GENERATE_INFOPLIST_FILE = YES;
				IPHONEOS_DEPLOYMENT_TARGET = 17.5;
				MARKETING_VERSION = 1.0;
				PRODUCT_BUNDLE_IDENTIFIER = com.Leo.digiTechTests;
				PRODUCT_NAME = "$(TARGET_NAME)";
				SWIFT_EMIT_LOC_STRINGS = NO;
				SWIFT_VERSION = 5.0;
				TARGETED_DEVICE_FAMILY = "1,2";
				TEST_HOST = "$(BUILT_PRODUCTS_DIR)/digiTech.app/$(BUNDLE_EXECUTABLE_FOLDER_PATH)/digiTech";
			};
			name = Debug;
		};
		B3EF0D7D2C52FACD001DE00D /* Release */ = {
			isa = XCBuildConfiguration;
			buildSettings = {
				ALWAYS_EMBED_SWIFT_STANDARD_LIBRARIES = YES;
				BUNDLE_LOADER = "$(TEST_HOST)";
				CODE_SIGN_STYLE = Automatic;
				CURRENT_PROJECT_VERSION = 1;
				DEVELOPMENT_TEAM = NQ3XAZJ3SG;
				GENERATE_INFOPLIST_FILE = YES;
				IPHONEOS_DEPLOYMENT_TARGET = 17.5;
				MARKETING_VERSION = 1.0;
				PRODUCT_BUNDLE_IDENTIFIER = com.Leo.digiTechTests;
				PRODUCT_NAME = "$(TARGET_NAME)";
				SWIFT_EMIT_LOC_STRINGS = NO;
				SWIFT_VERSION = 5.0;
				TARGETED_DEVICE_FAMILY = "1,2";
				TEST_HOST = "$(BUILT_PRODUCTS_DIR)/digiTech.app/$(BUNDLE_EXECUTABLE_FOLDER_PATH)/digiTech";
			};
			name = Release;
		};
		B3EF0D7F2C52FACD001DE00D /* Debug */ = {
			isa = XCBuildConfiguration;
			buildSettings = {
				ALWAYS_EMBED_SWIFT_STANDARD_LIBRARIES = YES;
				CODE_SIGN_STYLE = Automatic;
				CURRENT_PROJECT_VERSION = 1;
				DEVELOPMENT_TEAM = NQ3XAZJ3SG;
				GENERATE_INFOPLIST_FILE = YES;
				MARKETING_VERSION = 1.0;
				PRODUCT_BUNDLE_IDENTIFIER = com.Leo.digiTechUITests;
				PRODUCT_NAME = "$(TARGET_NAME)";
				SWIFT_EMIT_LOC_STRINGS = NO;
				SWIFT_VERSION = 5.0;
				TARGETED_DEVICE_FAMILY = "1,2";
				TEST_TARGET_NAME = digiTech;
			};
			name = Debug;
		};
		B3EF0D802C52FACD001DE00D /* Release */ = {
			isa = XCBuildConfiguration;
			buildSettings = {
				ALWAYS_EMBED_SWIFT_STANDARD_LIBRARIES = YES;
				CODE_SIGN_STYLE = Automatic;
				CURRENT_PROJECT_VERSION = 1;
				DEVELOPMENT_TEAM = NQ3XAZJ3SG;
				GENERATE_INFOPLIST_FILE = YES;
				MARKETING_VERSION = 1.0;
				PRODUCT_BUNDLE_IDENTIFIER = com.Leo.digiTechUITests;
				PRODUCT_NAME = "$(TARGET_NAME)";
				SWIFT_EMIT_LOC_STRINGS = NO;
				SWIFT_VERSION = 5.0;
				TARGETED_DEVICE_FAMILY = "1,2";
				TEST_TARGET_NAME = digiTech;
			};
			name = Release;
		};
/* End XCBuildConfiguration section */

/* Begin XCConfigurationList section */
		B3EF0D4F2C52FACB001DE00D /* Build configuration list for PBXProject "digiTech" */ = {
			isa = XCConfigurationList;
			buildConfigurations = (
				B3EF0D762C52FACD001DE00D /* Debug */,
				B3EF0D772C52FACD001DE00D /* Release */,
			);
			defaultConfigurationIsVisible = 0;
			defaultConfigurationName = Release;
		};
		B3EF0D782C52FACD001DE00D /* Build configuration list for PBXNativeTarget "digiTech" */ = {
			isa = XCConfigurationList;
			buildConfigurations = (
				B3EF0D792C52FACD001DE00D /* Debug */,
				B3EF0D7A2C52FACD001DE00D /* Release */,
			);
			defaultConfigurationIsVisible = 0;
			defaultConfigurationName = Release;
		};
		B3EF0D7B2C52FACD001DE00D /* Build configuration list for PBXNativeTarget "digiTechTests" */ = {
			isa = XCConfigurationList;
			buildConfigurations = (
				B3EF0D7C2C52FACD001DE00D /* Debug */,
				B3EF0D7D2C52FACD001DE00D /* Release */,
			);
			defaultConfigurationIsVisible = 0;
			defaultConfigurationName = Release;
		};
		B3EF0D7E2C52FACD001DE00D /* Build configuration list for PBXNativeTarget "digiTechUITests" */ = {
			isa = XCConfigurationList;
			buildConfigurations = (
				B3EF0D7F2C52FACD001DE00D /* Debug */,
				B3EF0D802C52FACD001DE00D /* Release */,
			);
			defaultConfigurationIsVisible = 0;
			defaultConfigurationName = Release;
		};
/* End XCConfigurationList section */
	};
	rootObject = B3EF0D4C2C52FACB001DE00D /* Project object */;
}
